
Microsoft Visual Studio Solution File, Format Version 12.00
# Visual Studio Version 16
VisualStudioVersion = 16.0.31025.218
MinimumVisualStudioVersion = 10.0.40219.1
Project("{FAE04EC0-301F-11D3-BF4B-00C04F79EFBC}") = "CarSharing", "CarSharing\CarSharing.csproj", "{A9DD8356-92D5-469B-9F67-51F73125FC1A}"
EndProject
Global
	GlobalSection(SolutionConfigurationPlatforms) = preSolution
		Debug|Any CPU = Debug|Any CPU
		Release|Any CPU = Release|Any CPU
	EndGlobalSection
	GlobalSection(ProjectConfigurationPlatforms) = postSolution
		{A9DD8356-92D5-469B-9F67-51F73125FC1A}.Debug|Any CPU.ActiveCfg = Debug|Any CPU
		{A9DD8356-92D5-469B-9F67-51F73125FC1A}.Debug|Any CPU.Build.0 = Debug|Any CPU
		{A9DD8356-92D5-469B-9F67-51F73125FC1A}.Release|Any CPU.ActiveCfg = Release|Any CPU
		{A9DD8356-92D5-469B-9F67-51F73125FC1A}.Release|Any CPU.Build.0 = Release|Any CPU
	EndGlobalSection
	GlobalSection(SolutionProperties) = preSolution
		HideSolutionNode = FALSE
	EndGlobalSection
	GlobalSection(ExtensibilityGlobals) = postSolution
		SolutionGuid = {54E24CC7-2E72-4ABA-BF3E-25521908102E}
	EndGlobalSection
EndGlobal
